
Microsoft Visual Studio Solution File, Format Version 12.00
# Visual Studio Version 17
VisualStudioVersion = 17.8.34316.72
MinimumVisualStudioVersion = 10.0.40219.1
Project("{2150E333-8FDC-42A3-9474-1A3956D46DE8}") = "Services", "Services", "{75FD27AA-48B7-421E-9EED-4A1ECCE518CD}"
EndProject
Project("{2150E333-8FDC-42A3-9474-1A3956D46DE8}") = "WebApps", "WebApps", "{DC811844-F038-4888-8F15-6C6FD961E656}"
EndProject
Project("{2150E333-8FDC-42A3-9474-1A3956D46DE8}") = "Cadastros", "Cadastros", "{89020840-28FA-4CB8-A822-96E33A2A726D}"
EndProject
Project("{2150E333-8FDC-42A3-9474-1A3956D46DE8}") = "Catalogo", "Catalogo", "{3D12884A-CC22-4270-869C-5A1B62BFFEAA}"
EndProject
Project("{2150E333-8FDC-42A3-9474-1A3956D46DE8}") = "Core", "Core", "{1976DC8A-4EF3-4ACC-9A06-AE7E7194205E}"
EndProject
Project("{2150E333-8FDC-42A3-9474-1A3956D46DE8}") = "Fiscal", "Fiscal", "{9ACD9C43-F797-45DC-BD54-9448414C9876}"
EndProject
Project("{2150E333-8FDC-42A3-9474-1A3956D46DE8}") = "Pagamentos", "Pagamentos", "{EED6D234-420D-4D52-A993-400CD0ED1030}"
EndProject
Project("{2150E333-8FDC-42A3-9474-1A3956D46DE8}") = "Vendas", "Vendas", "{FF94C5A1-862D-41F7-8642-78A3E989F9F8}"
EndProject
Project("{9A19103F-16F7-4668-BE54-9A1E7A4F7556}") = "NerdStore.Catalogo.Domain", "src\NerdStore.Catalogo.Domain\NerdStore.Catalogo.Domain.csproj", "{57DDB191-D831-4494-BD82-F1EBFB2EFEAB}"
EndProject
Project("{9A19103F-16F7-4668-BE54-9A1E7A4F7556}") = "NerdStore.Core", "src\NerdStore.Core\NerdStore.Core.csproj", "{0A3036BC-88EE-4240-90A2-814B71599ABF}"
EndProject
Project("{2150E333-8FDC-42A3-9474-1A3956D46DE8}") = "Tests", "Tests", "{8A44A8E2-9325-4A21-B8CE-054B6A1B3A47}"
EndProject
Project("{9A19103F-16F7-4668-BE54-9A1E7A4F7556}") = "NerdStore.Catalogo.Domain.Tests", "tests\NerdStore.Catalogo.Domain.Tests\NerdStore.Catalogo.Domain.Tests.csproj", "{634C4F82-F184-46F4-B524-EB38E4851F85}"
EndProject
Project("{9A19103F-16F7-4668-BE54-9A1E7A4F7556}") = "NerdStore.Catalogo.Data", "src\NerdStore.Catalogo.Data\NerdStore.Catalogo.Data.csproj", "{F763A619-EE49-45CE-B90E-CBF41E974456}"
EndProject
Project("{9A19103F-16F7-4668-BE54-9A1E7A4F7556}") = "NerdStore.Catalogo.Application", "src\NerdStore.Catalogo.Application\NerdStore.Catalogo.Application.csproj", "{D1876357-083A-43B9-BBA3-919978747460}"
EndProject
Project("{9A19103F-16F7-4668-BE54-9A1E7A4F7556}") = "NerdStore.WebApp.MVC", "src\NerdStore.WebApp.MVC\NerdStore.WebApp.MVC.csproj", "{7643B8A1-C218-49F9-ABC2-F3E4109ACAD9}"
EndProject
Project("{FAE04EC0-301F-11D3-BF4B-00C04F79EFBC}") = "NerdStore.Vendas.Domain", "src\NerdStore.Vendas.Domain\NerdStore.Vendas.Domain.csproj", "{85945A1D-24C2-4FAA-A855-1D85D0C50434}"
EndProject
Project("{FAE04EC0-301F-11D3-BF4B-00C04F79EFBC}") = "NerdStore.Vendas.Application", "src\NerdStore.Vendas.Application\NerdStore.Vendas.Application.csproj", "{3D119437-1BC8-4021-9227-5F35555427B7}"
EndProject
Project("{FAE04EC0-301F-11D3-BF4B-00C04F79EFBC}") = "NerdStore.Vendas.Data", "src\NerdStore.Vendas.Data\NerdStore.Vendas.Data.csproj", "{F446F97F-4D2E-474A-BAD8-C3BC212B1F7F}"
EndProject
Global
	GlobalSection(SolutionConfigurationPlatforms) = preSolution
		Debug|Any CPU = Debug|Any CPU
		Release|Any CPU = Release|Any CPU
	EndGlobalSection
	GlobalSection(ProjectConfigurationPlatforms) = postSolution
		{57DDB191-D831-4494-BD82-F1EBFB2EFEAB}.Debug|Any CPU.ActiveCfg = Debug|Any CPU
		{57DDB191-D831-4494-BD82-F1EBFB2EFEAB}.Debug|Any CPU.Build.0 = Debug|Any CPU
		{57DDB191-D831-4494-BD82-F1EBFB2EFEAB}.Release|Any CPU.ActiveCfg = Release|Any CPU
		{57DDB191-D831-4494-BD82-F1EBFB2EFEAB}.Release|Any CPU.Build.0 = Release|Any CPU
		{0A3036BC-88EE-4240-90A2-814B71599ABF}.Debug|Any CPU.ActiveCfg = Debug|Any CPU
		{0A3036BC-88EE-4240-90A2-814B71599ABF}.Debug|Any CPU.Build.0 = Debug|Any CPU
		{0A3036BC-88EE-4240-90A2-814B71599ABF}.Release|Any CPU.ActiveCfg = Release|Any CPU
		{0A3036BC-88EE-4240-90A2-814B71599ABF}.Release|Any CPU.Build.0 = Release|Any CPU
		{634C4F82-F184-46F4-B524-EB38E4851F85}.Debug|Any CPU.ActiveCfg = Debug|Any CPU
		{634C4F82-F184-46F4-B524-EB38E4851F85}.Debug|Any CPU.Build.0 = Debug|Any CPU
		{634C4F82-F184-46F4-B524-EB38E4851F85}.Release|Any CPU.ActiveCfg = Release|Any CPU
		{634C4F82-F184-46F4-B524-EB38E4851F85}.Release|Any CPU.Build.0 = Release|Any CPU
		{F763A619-EE49-45CE-B90E-CBF41E974456}.Debug|Any CPU.ActiveCfg = Debug|Any CPU
		{F763A619-EE49-45CE-B90E-CBF41E974456}.Debug|Any CPU.Build.0 = Debug|Any CPU
		{F763A619-EE49-45CE-B90E-CBF41E974456}.Release|Any CPU.ActiveCfg = Release|Any CPU
		{F763A619-EE49-45CE-B90E-CBF41E974456}.Release|Any CPU.Build.0 = Release|Any CPU
		{D1876357-083A-43B9-BBA3-919978747460}.Debug|Any CPU.ActiveCfg = Debug|Any CPU
		{D1876357-083A-43B9-BBA3-919978747460}.Debug|Any CPU.Build.0 = Debug|Any CPU
		{D1876357-083A-43B9-BBA3-919978747460}.Release|Any CPU.ActiveCfg = Release|Any CPU
		{D1876357-083A-43B9-BBA3-919978747460}.Release|Any CPU.Build.0 = Release|Any CPU
		{7643B8A1-C218-49F9-ABC2-F3E4109ACAD9}.Debug|Any CPU.ActiveCfg = Debug|Any CPU
		{7643B8A1-C218-49F9-ABC2-F3E4109ACAD9}.Debug|Any CPU.Build.0 = Debug|Any CPU
		{7643B8A1-C218-49F9-ABC2-F3E4109ACAD9}.Release|Any CPU.ActiveCfg = Release|Any CPU
		{7643B8A1-C218-49F9-ABC2-F3E4109ACAD9}.Release|Any CPU.Build.0 = Release|Any CPU
		{85945A1D-24C2-4FAA-A855-1D85D0C50434}.Debug|Any CPU.ActiveCfg = Debug|Any CPU
		{85945A1D-24C2-4FAA-A855-1D85D0C50434}.Debug|Any CPU.Build.0 = Debug|Any CPU
		{85945A1D-24C2-4FAA-A855-1D85D0C50434}.Release|Any CPU.ActiveCfg = Release|Any CPU
		{85945A1D-24C2-4FAA-A855-1D85D0C50434}.Release|Any CPU.Build.0 = Release|Any CPU
		{3D119437-1BC8-4021-9227-5F35555427B7}.Debug|Any CPU.ActiveCfg = Debug|Any CPU
		{3D119437-1BC8-4021-9227-5F35555427B7}.Debug|Any CPU.Build.0 = Debug|Any CPU
		{3D119437-1BC8-4021-9227-5F35555427B7}.Release|Any CPU.ActiveCfg = Release|Any CPU
		{3D119437-1BC8-4021-9227-5F35555427B7}.Release|Any CPU.Build.0 = Release|Any CPU
		{F446F97F-4D2E-474A-BAD8-C3BC212B1F7F}.Debug|Any CPU.ActiveCfg = Debug|Any CPU
		{F446F97F-4D2E-474A-BAD8-C3BC212B1F7F}.Debug|Any CPU.Build.0 = Debug|Any CPU
		{F446F97F-4D2E-474A-BAD8-C3BC212B1F7F}.Release|Any CPU.ActiveCfg = Release|Any CPU
		{F446F97F-4D2E-474A-BAD8-C3BC212B1F7F}.Release|Any CPU.Build.0 = Release|Any CPU
	EndGlobalSection
	GlobalSection(SolutionProperties) = preSolution
		HideSolutionNode = FALSE
	EndGlobalSection
	GlobalSection(NestedProjects) = preSolution
		{89020840-28FA-4CB8-A822-96E33A2A726D} = {75FD27AA-48B7-421E-9EED-4A1ECCE518CD}
		{3D12884A-CC22-4270-869C-5A1B62BFFEAA} = {75FD27AA-48B7-421E-9EED-4A1ECCE518CD}
		{1976DC8A-4EF3-4ACC-9A06-AE7E7194205E} = {75FD27AA-48B7-421E-9EED-4A1ECCE518CD}
		{9ACD9C43-F797-45DC-BD54-9448414C9876} = {75FD27AA-48B7-421E-9EED-4A1ECCE518CD}
		{EED6D234-420D-4D52-A993-400CD0ED1030} = {75FD27AA-48B7-421E-9EED-4A1ECCE518CD}
		{FF94C5A1-862D-41F7-8642-78A3E989F9F8} = {75FD27AA-48B7-421E-9EED-4A1ECCE518CD}
		{57DDB191-D831-4494-BD82-F1EBFB2EFEAB} = {3D12884A-CC22-4270-869C-5A1B62BFFEAA}
		{0A3036BC-88EE-4240-90A2-814B71599ABF} = {1976DC8A-4EF3-4ACC-9A06-AE7E7194205E}
		{8A44A8E2-9325-4A21-B8CE-054B6A1B3A47} = {3D12884A-CC22-4270-869C-5A1B62BFFEAA}
		{634C4F82-F184-46F4-B524-EB38E4851F85} = {8A44A8E2-9325-4A21-B8CE-054B6A1B3A47}
		{F763A619-EE49-45CE-B90E-CBF41E974456} = {3D12884A-CC22-4270-869C-5A1B62BFFEAA}
		{D1876357-083A-43B9-BBA3-919978747460} = {3D12884A-CC22-4270-869C-5A1B62BFFEAA}
		{7643B8A1-C218-49F9-ABC2-F3E4109ACAD9} = {DC811844-F038-4888-8F15-6C6FD961E656}
		{85945A1D-24C2-4FAA-A855-1D85D0C50434} = {FF94C5A1-862D-41F7-8642-78A3E989F9F8}
		{3D119437-1BC8-4021-9227-5F35555427B7} = {FF94C5A1-862D-41F7-8642-78A3E989F9F8}
		{F446F97F-4D2E-474A-BAD8-C3BC212B1F7F} = {FF94C5A1-862D-41F7-8642-78A3E989F9F8}
	EndGlobalSection
	GlobalSection(ExtensibilityGlobals) = postSolution
		SolutionGuid = {52B6D57C-3314-4E8C-9140-28E9B68DB245}
	EndGlobalSection
EndGlobal
